
Microsoft Visual Studio Solution File, Format Version 12.00
# Visual Studio Version 17
VisualStudioVersion = 17.4.33205.214
MinimumVisualStudioVersion = 10.0.40219.1
Project("{9A19103F-16F7-4668-BE54-9A1E7A4F7556}") = "ResumeBackendFinal", "ResumeBackendFinal\ResumeBackendFinal.csproj", "{BE768D0C-9B49-46AE-BB1D-D7D2B366AC76}"
EndProject
Project("{2150E333-8FDC-42A3-9474-1A3956D46DE8}") = "src", "src", "{8E3DBF00-2CEC-452E-BFD2-A2D0F4FADB1D}"
EndProject
Project("{2150E333-8FDC-42A3-9474-1A3956D46DE8}") = "tests", "tests", "{CBC03B2F-D9CE-4B3D-B95C-A8A76F517E97}"
EndProject
Project("{2150E333-8FDC-42A3-9474-1A3956D46DE8}") = "Core", "Core", "{353E557A-6EDE-4DE7-B0F2-344BBEAA0090}"
EndProject
Project("{2150E333-8FDC-42A3-9474-1A3956D46DE8}") = "Infrastructure", "Infrastructure", "{0F275BC6-54E5-49E6-B3D4-0E9DAC1F6B78}"
EndProject
Project("{FAE04EC0-301F-11D3-BF4B-00C04F79EFBC}") = "Domain", "src\Core\Domain\Domain.csproj", "{3F5E0220-C34C-4201-8459-AFECB19C2F93}"
EndProject
Project("{FAE04EC0-301F-11D3-BF4B-00C04F79EFBC}") = "Services", "src\Core\Services\Services.csproj", "{FE6AB807-DA68-495A-B56E-DF9F59C52BB5}"
EndProject
Project("{FAE04EC0-301F-11D3-BF4B-00C04F79EFBC}") = "Persistence", "src\Infrastructure\Persistence\Persistence.csproj", "{FFF04D5D-6318-43D7-8F9D-66FFAC5EBD6B}"
EndProject
Project("{2150E333-8FDC-42A3-9474-1A3956D46DE8}") = "Presentation", "Presentation", "{4B80D7EB-3D27-43C2-919D-36026291D4DB}"
EndProject
Project("{FAE04EC0-301F-11D3-BF4B-00C04F79EFBC}") = "WebUI", "src\Presentation\WebUI\WebUI.csproj", "{97A68B88-347E-4C61-B89A-9E504DA4B33E}"
EndProject
Project("{FAE04EC0-301F-11D3-BF4B-00C04F79EFBC}") = "Services.Implementation", "src\Core\Services.Implementation\Services.Implementation.csproj", "{2BC6126C-5D9D-44E5-A1D1-A0B5C620D30E}"
EndProject
Global
	GlobalSection(SolutionConfigurationPlatforms) = preSolution
		Debug|Any CPU = Debug|Any CPU
		Release|Any CPU = Release|Any CPU
	EndGlobalSection
	GlobalSection(ProjectConfigurationPlatforms) = postSolution
		{BE768D0C-9B49-46AE-BB1D-D7D2B366AC76}.Debug|Any CPU.ActiveCfg = Debug|Any CPU
		{BE768D0C-9B49-46AE-BB1D-D7D2B366AC76}.Debug|Any CPU.Build.0 = Debug|Any CPU
		{BE768D0C-9B49-46AE-BB1D-D7D2B366AC76}.Release|Any CPU.ActiveCfg = Release|Any CPU
		{BE768D0C-9B49-46AE-BB1D-D7D2B366AC76}.Release|Any CPU.Build.0 = Release|Any CPU
		{3F5E0220-C34C-4201-8459-AFECB19C2F93}.Debug|Any CPU.ActiveCfg = Debug|Any CPU
		{3F5E0220-C34C-4201-8459-AFECB19C2F93}.Debug|Any CPU.Build.0 = Debug|Any CPU
		{3F5E0220-C34C-4201-8459-AFECB19C2F93}.Release|Any CPU.ActiveCfg = Release|Any CPU
		{3F5E0220-C34C-4201-8459-AFECB19C2F93}.Release|Any CPU.Build.0 = Release|Any CPU
		{FE6AB807-DA68-495A-B56E-DF9F59C52BB5}.Debug|Any CPU.ActiveCfg = Debug|Any CPU
		{FE6AB807-DA68-495A-B56E-DF9F59C52BB5}.Debug|Any CPU.Build.0 = Debug|Any CPU
		{FE6AB807-DA68-495A-B56E-DF9F59C52BB5}.Release|Any CPU.ActiveCfg = Release|Any CPU
		{FE6AB807-DA68-495A-B56E-DF9F59C52BB5}.Release|Any CPU.Build.0 = Release|Any CPU
		{FFF04D5D-6318-43D7-8F9D-66FFAC5EBD6B}.Debug|Any CPU.ActiveCfg = Debug|Any CPU
		{FFF04D5D-6318-43D7-8F9D-66FFAC5EBD6B}.Debug|Any CPU.Build.0 = Debug|Any CPU
		{FFF04D5D-6318-43D7-8F9D-66FFAC5EBD6B}.Release|Any CPU.ActiveCfg = Release|Any CPU
		{FFF04D5D-6318-43D7-8F9D-66FFAC5EBD6B}.Release|Any CPU.Build.0 = Release|Any CPU
		{97A68B88-347E-4C61-B89A-9E504DA4B33E}.Debug|Any CPU.ActiveCfg = Debug|Any CPU
		{97A68B88-347E-4C61-B89A-9E504DA4B33E}.Debug|Any CPU.Build.0 = Debug|Any CPU
		{97A68B88-347E-4C61-B89A-9E504DA4B33E}.Release|Any CPU.ActiveCfg = Release|Any CPU
		{97A68B88-347E-4C61-B89A-9E504DA4B33E}.Release|Any CPU.Build.0 = Release|Any CPU
		{2BC6126C-5D9D-44E5-A1D1-A0B5C620D30E}.Debug|Any CPU.ActiveCfg = Debug|Any CPU
		{2BC6126C-5D9D-44E5-A1D1-A0B5C620D30E}.Debug|Any CPU.Build.0 = Debug|Any CPU
		{2BC6126C-5D9D-44E5-A1D1-A0B5C620D30E}.Release|Any CPU.ActiveCfg = Release|Any CPU
		{2BC6126C-5D9D-44E5-A1D1-A0B5C620D30E}.Release|Any CPU.Build.0 = Release|Any CPU
	EndGlobalSection
	GlobalSection(SolutionProperties) = preSolution
		HideSolutionNode = FALSE
	EndGlobalSection
	GlobalSection(NestedProjects) = preSolution
		{353E557A-6EDE-4DE7-B0F2-344BBEAA0090} = {8E3DBF00-2CEC-452E-BFD2-A2D0F4FADB1D}
		{0F275BC6-54E5-49E6-B3D4-0E9DAC1F6B78} = {8E3DBF00-2CEC-452E-BFD2-A2D0F4FADB1D}
		{3F5E0220-C34C-4201-8459-AFECB19C2F93} = {353E557A-6EDE-4DE7-B0F2-344BBEAA0090}
		{FE6AB807-DA68-495A-B56E-DF9F59C52BB5} = {353E557A-6EDE-4DE7-B0F2-344BBEAA0090}
		{FFF04D5D-6318-43D7-8F9D-66FFAC5EBD6B} = {0F275BC6-54E5-49E6-B3D4-0E9DAC1F6B78}
		{4B80D7EB-3D27-43C2-919D-36026291D4DB} = {8E3DBF00-2CEC-452E-BFD2-A2D0F4FADB1D}
		{97A68B88-347E-4C61-B89A-9E504DA4B33E} = {4B80D7EB-3D27-43C2-919D-36026291D4DB}
		{2BC6126C-5D9D-44E5-A1D1-A0B5C620D30E} = {353E557A-6EDE-4DE7-B0F2-344BBEAA0090}
	EndGlobalSection
	GlobalSection(ExtensibilityGlobals) = postSolution
		SolutionGuid = {CF399E1A-7D27-42C1-99DE-DCACC19FA7CF}
	EndGlobalSection
EndGlobal
